// !$*UTF8*$!
{
	archiveVersion = 1;
	classes = {
	};
	objectVersion = 56;
	objects = {

/* Begin PBXBuildFile section */
		B51D6E9A2C7DCBD200D83986 /* ChatGPT_CloneApp.swift in Sources */ = {isa = PBXBuildFile; fileRef = B51D6E992C7DCBD200D83986 /* ChatGPT_CloneApp.swift */; };
		B51D6E9E2C7DCBD400D83986 /* Assets.xcassets in Resources */ = {isa = PBXBuildFile; fileRef = B51D6E9D2C7DCBD400D83986 /* Assets.xcassets */; };
		B51D6EA12C7DCBD400D83986 /* Preview Assets.xcassets in Resources */ = {isa = PBXBuildFile; fileRef = B51D6EA02C7DCBD400D83986 /* Preview Assets.xcassets */; };
		B51D6EA62C7DCBD400D83986 /* ChatGPT_Clone.xcdatamodeld in Sources */ = {isa = PBXBuildFile; fileRef = B51D6EA42C7DCBD400D83986 /* ChatGPT_Clone.xcdatamodeld */; };
		B53A4DEB2C7E81210000164E /* AppState.swift in Sources */ = {isa = PBXBuildFile; fileRef = B53A4DEA2C7E81210000164E /* AppState.swift */; };
		B53A4DEE2C7E81AD0000164E /* ChatListState.swift in Sources */ = {isa = PBXBuildFile; fileRef = B53A4DED2C7E81AD0000164E /* ChatListState.swift */; };
		B53A4DF02C7E81CF0000164E /* AppChat.swift in Sources */ = {isa = PBXBuildFile; fileRef = B53A4DEF2C7E81CF0000164E /* AppChat.swift */; };
		B53A4DF22C7E81FE0000164E /* AppMessage.swift in Sources */ = {isa = PBXBuildFile; fileRef = B53A4DF12C7E81FE0000164E /* AppMessage.swift */; };
		B53A4DF52C7E831A0000164E /* CoreDataManager.swift in Sources */ = {isa = PBXBuildFile; fileRef = B53A4DF42C7E831A0000164E /* CoreDataManager.swift */; };
		B53A4DF82C7E838E0000164E /* ChatListView.swift in Sources */ = {isa = PBXBuildFile; fileRef = B53A4DF72C7E838E0000164E /* ChatListView.swift */; };
		B53A4DFB2C7E83AF0000164E /* ChatListViewModel.swift in Sources */ = {isa = PBXBuildFile; fileRef = B53A4DFA2C7E83AF0000164E /* ChatListViewModel.swift */; };
		B5934DA82C7DCD7200A120F9 /* ChatListViewModel.swift in Sources */ = {isa = PBXBuildFile; fileRef = B5934DA72C7DCD7200A120F9 /* ChatListViewModel.swift */; };
		B5934DAB2C7DF74B00A120F9 /* OpenAI in Frameworks */ = {isa = PBXBuildFile; productRef = B5934DAA2C7DF74B00A120F9 /* OpenAI */; };
/* End PBXBuildFile section */

/* Begin PBXFileReference section */
		B51D6E962C7DCBD200D83986 /* ChatGPT Clone.app */ = {isa = PBXFileReference; explicitFileType = wrapper.application; includeInIndex = 0; path = "ChatGPT Clone.app"; sourceTree = BUILT_PRODUCTS_DIR; };
		B51D6E992C7DCBD200D83986 /* ChatGPT_CloneApp.swift */ = {isa = PBXFileReference; lastKnownFileType = sourcecode.swift; path = ChatGPT_CloneApp.swift; sourceTree = "<group>"; };
		B51D6E9D2C7DCBD400D83986 /* Assets.xcassets */ = {isa = PBXFileReference; lastKnownFileType = folder.assetcatalog; path = Assets.xcassets; sourceTree = "<group>"; };
		B51D6EA02C7DCBD400D83986 /* Preview Assets.xcassets */ = {isa = PBXFileReference; lastKnownFileType = folder.assetcatalog; path = "Preview Assets.xcassets"; sourceTree = "<group>"; };
		B51D6EA52C7DCBD400D83986 /* ChatGPT_Clone.xcdatamodel */ = {isa = PBXFileReference; lastKnownFileType = wrapper.xcdatamodel; path = ChatGPT_Clone.xcdatamodel; sourceTree = "<group>"; };
		B53A4DEA2C7E81210000164E /* AppState.swift */ = {isa = PBXFileReference; lastKnownFileType = sourcecode.swift; path = AppState.swift; sourceTree = "<group>"; };
		B53A4DED2C7E81AD0000164E /* ChatListState.swift */ = {isa = PBXFileReference; lastKnownFileType = sourcecode.swift; path = ChatListState.swift; sourceTree = "<group>"; };
		B53A4DEF2C7E81CF0000164E /* AppChat.swift */ = {isa = PBXFileReference; lastKnownFileType = sourcecode.swift; path = AppChat.swift; sourceTree = "<group>"; };
		B53A4DF12C7E81FE0000164E /* AppMessage.swift */ = {isa = PBXFileReference; lastKnownFileType = sourcecode.swift; path = AppMessage.swift; sourceTree = "<group>"; };
		B53A4DF42C7E831A0000164E /* CoreDataManager.swift */ = {isa = PBXFileReference; lastKnownFileType = sourcecode.swift; path = CoreDataManager.swift; sourceTree = "<group>"; };
		B53A4DF72C7E838E0000164E /* ChatListView.swift */ = {isa = PBXFileReference; lastKnownFileType = sourcecode.swift; path = ChatListView.swift; sourceTree = "<group>"; };
		B53A4DFA2C7E83AF0000164E /* ChatListViewModel.swift */ = {isa = PBXFileReference; lastKnownFileType = sourcecode.swift; path = ChatListViewModel.swift; sourceTree = "<group>"; };
		B5934DA72C7DCD7200A120F9 /* ChatListViewModel.swift */ = {isa = PBXFileReference; lastKnownFileType = sourcecode.swift; path = ChatListViewModel.swift; sourceTree = "<group>"; };
/* End PBXFileReference section */

/* Begin PBXFrameworksBuildPhase section */
		B51D6E932C7DCBD200D83986 /* Frameworks */ = {
			isa = PBXFrameworksBuildPhase;
			buildActionMask = 2147483647;
			files = (
				B5934DAB2C7DF74B00A120F9 /* OpenAI in Frameworks */,
			);
			runOnlyForDeploymentPostprocessing = 0;
		};
/* End PBXFrameworksBuildPhase section */

/* Begin PBXGroup section */
		B51D6E8D2C7DCBD200D83986 = {
			isa = PBXGroup;
			children = (
				B51D6E982C7DCBD200D83986 /* ChatGPT Clone */,
				B51D6E972C7DCBD200D83986 /* Products */,
			);
			sourceTree = "<group>";
		};
		B51D6E972C7DCBD200D83986 /* Products */ = {
			isa = PBXGroup;
			children = (
				B51D6E962C7DCBD200D83986 /* ChatGPT Clone.app */,
			);
			name = Products;
			sourceTree = "<group>";
		};
		B51D6E982C7DCBD200D83986 /* ChatGPT Clone */ = {
			isa = PBXGroup;
			children = (
				B53A4DF62C7E837B0000164E /* Screens */,
				B53A4DE92C7E81120000164E /* App */,
				B53A4DEC2C7E818E0000164E /* Models */,
				B5934DA72C7DCD7200A120F9 /* ChatListViewModel.swift */,
				B53A4DF32C7E823E0000164E /* CoreData */,
				B51D6E9D2C7DCBD400D83986 /* Assets.xcassets */,
				B51D6EA42C7DCBD400D83986 /* ChatGPT_Clone.xcdatamodeld */,
				B51D6E9F2C7DCBD400D83986 /* Preview Content */,
			);
			path = "ChatGPT Clone";
			sourceTree = "<group>";
		};
		B51D6E9F2C7DCBD400D83986 /* Preview Content */ = {
			isa = PBXGroup;
			children = (
				B51D6EA02C7DCBD400D83986 /* Preview Assets.xcassets */,
			);
			path = "Preview Content";
			sourceTree = "<group>";
		};
		B53A4DE92C7E81120000164E /* App */ = {
			isa = PBXGroup;
			children = (
				B51D6E992C7DCBD200D83986 /* ChatGPT_CloneApp.swift */,
				B53A4DEA2C7E81210000164E /* AppState.swift */,
			);
			path = App;
			sourceTree = "<group>";
		};
		B53A4DEC2C7E818E0000164E /* Models */ = {
			isa = PBXGroup;
			children = (
				B53A4DED2C7E81AD0000164E /* ChatListState.swift */,
				B53A4DEF2C7E81CF0000164E /* AppChat.swift */,
				B53A4DF12C7E81FE0000164E /* AppMessage.swift */,
			);
			path = Models;
			sourceTree = "<group>";
		};
		B53A4DF32C7E823E0000164E /* CoreData */ = {
			isa = PBXGroup;
			children = (
				B53A4DF42C7E831A0000164E /* CoreDataManager.swift */,
			);
			path = CoreData;
			sourceTree = "<group>";
		};
		B53A4DF62C7E837B0000164E /* Screens */ = {
			isa = PBXGroup;
			children = (
				B53A4DF92C7E839A0000164E /* ChatListScreen */,
			);
			path = Screens;
			sourceTree = "<group>";
		};
		B53A4DF92C7E839A0000164E /* ChatListScreen */ = {
			isa = PBXGroup;
			children = (
				B53A4DF72C7E838E0000164E /* ChatListView.swift */,
				B53A4DFA2C7E83AF0000164E /* ChatListViewModel.swift */,
			);
			path = ChatListScreen;
			sourceTree = "<group>";
		};
/* End PBXGroup section */

/* Begin PBXNativeTarget section */
		B51D6E952C7DCBD200D83986 /* ChatGPT Clone */ = {
			isa = PBXNativeTarget;
			buildConfigurationList = B51D6EA92C7DCBD400D83986 /* Build configuration list for PBXNativeTarget "ChatGPT Clone" */;
			buildPhases = (
				B51D6E922C7DCBD200D83986 /* Sources */,
				B51D6E932C7DCBD200D83986 /* Frameworks */,
				B51D6E942C7DCBD200D83986 /* Resources */,
			);
			buildRules = (
			);
			dependencies = (
			);
			name = "ChatGPT Clone";
			packageProductDependencies = (
				B5934DAA2C7DF74B00A120F9 /* OpenAI */,
			);
			productName = "ChatGPT Clone";
			productReference = B51D6E962C7DCBD200D83986 /* ChatGPT Clone.app */;
			productType = "com.apple.product-type.application";
		};
/* End PBXNativeTarget section */

/* Begin PBXProject section */
		B51D6E8E2C7DCBD200D83986 /* Project object */ = {
			isa = PBXProject;
			attributes = {
				BuildIndependentTargetsInParallel = 1;
				LastSwiftUpdateCheck = 1540;
				LastUpgradeCheck = 1540;
				TargetAttributes = {
					B51D6E952C7DCBD200D83986 = {
						CreatedOnToolsVersion = 15.4;
					};
				};
			};
			buildConfigurationList = B51D6E912C7DCBD200D83986 /* Build configuration list for PBXProject "ChatGPT Clone" */;
			compatibilityVersion = "Xcode 14.0";
			developmentRegion = en;
			hasScannedForEncodings = 0;
			knownRegions = (
				en,
				Base,
			);
			mainGroup = B51D6E8D2C7DCBD200D83986;
			packageReferences = (
				B5934DA92C7DF74B00A120F9 /* XCRemoteSwiftPackageReference "OpenAI" */,
			);
			productRefGroup = B51D6E972C7DCBD200D83986 /* Products */;
			projectDirPath = "";
			projectRoot = "";
			targets = (
				B51D6E952C7DCBD200D83986 /* ChatGPT Clone */,
			);
		};
/* End PBXProject section */

/* Begin PBXResourcesBuildPhase section */
		B51D6E942C7DCBD200D83986 /* Resources */ = {
			isa = PBXResourcesBuildPhase;
			buildActionMask = 2147483647;
			files = (
				B51D6EA12C7DCBD400D83986 /* Preview Assets.xcassets in Resources */,
				B51D6E9E2C7DCBD400D83986 /* Assets.xcassets in Resources */,
			);
			runOnlyForDeploymentPostprocessing = 0;
		};
/* End PBXResourcesBuildPhase section */

/* Begin PBXSourcesBuildPhase section */
		B51D6E922C7DCBD200D83986 /* Sources */ = {
			isa = PBXSourcesBuildPhase;
			buildActionMask = 2147483647;
			files = (
				B51D6EA62C7DCBD400D83986 /* ChatGPT_Clone.xcdatamodeld in Sources */,
				B53A4DF02C7E81CF0000164E /* AppChat.swift in Sources */,
				B53A4DFB2C7E83AF0000164E /* ChatListViewModel.swift in Sources */,
				B5934DA82C7DCD7200A120F9 /* ChatListViewModel.swift in Sources */,
				B53A4DF22C7E81FE0000164E /* AppMessage.swift in Sources */,
				B53A4DF82C7E838E0000164E /* ChatListView.swift in Sources */,
				B53A4DEE2C7E81AD0000164E /* ChatListState.swift in Sources */,
				B51D6E9A2C7DCBD200D83986 /* ChatGPT_CloneApp.swift in Sources */,
				B53A4DF52C7E831A0000164E /* CoreDataManager.swift in Sources */,
				B53A4DEB2C7E81210000164E /* AppState.swift in Sources */,
			);
			runOnlyForDeploymentPostprocessing = 0;
		};
/* End PBXSourcesBuildPhase section */

/* Begin XCBuildConfiguration section */
		B51D6EA72C7DCBD400D83986 /* Debug */ = {
			isa = XCBuildConfiguration;
			buildSettings = {
				ALWAYS_SEARCH_USER_PATHS = NO;
				ASSETCATALOG_COMPILER_GENERATE_SWIFT_ASSET_SYMBOL_EXTENSIONS = YES;
				CLANG_ANALYZER_NONNULL = YES;
				CLANG_ANALYZER_NUMBER_OBJECT_CONVERSION = YES_AGGRESSIVE;
				CLANG_CXX_LANGUAGE_STANDARD = "gnu++20";
				CLANG_ENABLE_MODULES = YES;
				CLANG_ENABLE_OBJC_ARC = YES;
				CLANG_ENABLE_OBJC_WEAK = YES;
				CLANG_WARN_BLOCK_CAPTURE_AUTORELEASING = YES;
				CLANG_WARN_BOOL_CONVERSION = YES;
				CLANG_WARN_COMMA = YES;
				CLANG_WARN_CONSTANT_CONVERSION = YES;
				CLANG_WARN_DEPRECATED_OBJC_IMPLEMENTATIONS = YES;
				CLANG_WARN_DIRECT_OBJC_ISA_USAGE = YES_ERROR;
				CLANG_WARN_DOCUMENTATION_COMMENTS = YES;
				CLANG_WARN_EMPTY_BODY = YES;
				CLANG_WARN_ENUM_CONVERSION = YES;
				CLANG_WARN_INFINITE_RECURSION = YES;
				CLANG_WARN_INT_CONVERSION = YES;
				CLANG_WARN_NON_LITERAL_NULL_CONVERSION = YES;
				CLANG_WARN_OBJC_IMPLICIT_RETAIN_SELF = YES;
				CLANG_WARN_OBJC_LITERAL_CONVERSION = YES;
				CLANG_WARN_OBJC_ROOT_CLASS = YES_ERROR;
				CLANG_WARN_QUOTED_INCLUDE_IN_FRAMEWORK_HEADER = YES;
				CLANG_WARN_RANGE_LOOP_ANALYSIS = YES;
				CLANG_WARN_STRICT_PROTOTYPES = YES;
				CLANG_WARN_SUSPICIOUS_MOVE = YES;
				CLANG_WARN_UNGUARDED_AVAILABILITY = YES_AGGRESSIVE;
				CLANG_WARN_UNREACHABLE_CODE = YES;
				CLANG_WARN__DUPLICATE_METHOD_MATCH = YES;
				COPY_PHASE_STRIP = NO;
				DEBUG_INFORMATION_FORMAT = dwarf;
				ENABLE_STRICT_OBJC_MSGSEND = YES;
				ENABLE_TESTABILITY = YES;
				ENABLE_USER_SCRIPT_SANDBOXING = YES;
				GCC_C_LANGUAGE_STANDARD = gnu17;
				GCC_DYNAMIC_NO_PIC = NO;
				GCC_NO_COMMON_BLOCKS = YES;
				GCC_OPTIMIZATION_LEVEL = 0;
				GCC_PREPROCESSOR_DEFINITIONS = (
					"DEBUG=1",
					"$(inherited)",
				);
				GCC_WARN_64_TO_32_BIT_CONVERSION = YES;
				GCC_WARN_ABOUT_RETURN_TYPE = YES_ERROR;
				GCC_WARN_UNDECLARED_SELECTOR = YES;
				GCC_WARN_UNINITIALIZED_AUTOS = YES_AGGRESSIVE;
				GCC_WARN_UNUSED_FUNCTION = YES;
				GCC_WARN_UNUSED_VARIABLE = YES;
				IPHONEOS_DEPLOYMENT_TARGET = 17.5;
				LOCALIZATION_PREFERS_STRING_CATALOGS = YES;
				MTL_ENABLE_DEBUG_INFO = INCLUDE_SOURCE;
				MTL_FAST_MATH = YES;
				ONLY_ACTIVE_ARCH = YES;
				SDKROOT = iphoneos;
				SWIFT_ACTIVE_COMPILATION_CONDITIONS = "DEBUG $(inherited)";
				SWIFT_OPTIMIZATION_LEVEL = "-Onone";
			};
			name = Debug;
		};
		B51D6EA82C7DCBD400D83986 /* Release */ = {
			isa = XCBuildConfiguration;
			buildSettings = {
				ALWAYS_SEARCH_USER_PATHS = NO;
				ASSETCATALOG_COMPILER_GENERATE_SWIFT_ASSET_SYMBOL_EXTENSIONS = YES;
				CLANG_ANALYZER_NONNULL = YES;
				CLANG_ANALYZER_NUMBER_OBJECT_CONVERSION = YES_AGGRESSIVE;
				CLANG_CXX_LANGUAGE_STANDARD = "gnu++20";
				CLANG_ENABLE_MODULES = YES;
				CLANG_ENABLE_OBJC_ARC = YES;
				CLANG_ENABLE_OBJC_WEAK = YES;
				CLANG_WARN_BLOCK_CAPTURE_AUTORELEASING = YES;
				CLANG_WARN_BOOL_CONVERSION = YES;
				CLANG_WARN_COMMA = YES;
				CLANG_WARN_CONSTANT_CONVERSION = YES;
				CLANG_WARN_DEPRECATED_OBJC_IMPLEMENTATIONS = YES;
				CLANG_WARN_DIRECT_OBJC_ISA_USAGE = YES_ERROR;
				CLANG_WARN_DOCUMENTATION_COMMENTS = YES;
				CLANG_WARN_EMPTY_BODY = YES;
				CLANG_WARN_ENUM_CONVERSION = YES;
				CLANG_WARN_INFINITE_RECURSION = YES;
				CLANG_WARN_INT_CONVERSION = YES;
				CLANG_WARN_NON_LITERAL_NULL_CONVERSION = YES;
				CLANG_WARN_OBJC_IMPLICIT_RETAIN_SELF = YES;
				CLANG_WARN_OBJC_LITERAL_CONVERSION = YES;
				CLANG_WARN_OBJC_ROOT_CLASS = YES_ERROR;
				CLANG_WARN_QUOTED_INCLUDE_IN_FRAMEWORK_HEADER = YES;
				CLANG_WARN_RANGE_LOOP_ANALYSIS = YES;
				CLANG_WARN_STRICT_PROTOTYPES = YES;
				CLANG_WARN_SUSPICIOUS_MOVE = YES;
				CLANG_WARN_UNGUARDED_AVAILABILITY = YES_AGGRESSIVE;
				CLANG_WARN_UNREACHABLE_CODE = YES;
				CLANG_WARN__DUPLICATE_METHOD_MATCH = YES;
				COPY_PHASE_STRIP = NO;
				DEBUG_INFORMATION_FORMAT = "dwarf-with-dsym";
				ENABLE_NS_ASSERTIONS = NO;
				ENABLE_STRICT_OBJC_MSGSEND = YES;
				ENABLE_USER_SCRIPT_SANDBOXING = YES;
				GCC_C_LANGUAGE_STANDARD = gnu17;
				GCC_NO_COMMON_BLOCKS = YES;
				GCC_WARN_64_TO_32_BIT_CONVERSION = YES;
				GCC_WARN_ABOUT_RETURN_TYPE = YES_ERROR;
				GCC_WARN_UNDECLARED_SELECTOR = YES;
				GCC_WARN_UNINITIALIZED_AUTOS = YES_AGGRESSIVE;
				GCC_WARN_UNUSED_FUNCTION = YES;
				GCC_WARN_UNUSED_VARIABLE = YES;
				IPHONEOS_DEPLOYMENT_TARGET = 17.5;
				LOCALIZATION_PREFERS_STRING_CATALOGS = YES;
				MTL_ENABLE_DEBUG_INFO = NO;
				MTL_FAST_MATH = YES;
				SDKROOT = iphoneos;
				SWIFT_COMPILATION_MODE = wholemodule;
				VALIDATE_PRODUCT = YES;
			};
			name = Release;
		};
		B51D6EAA2C7DCBD400D83986 /* Debug */ = {
			isa = XCBuildConfiguration;
			buildSettings = {
				ASSETCATALOG_COMPILER_APPICON_NAME = AppIcon;
				ASSETCATALOG_COMPILER_GLOBAL_ACCENT_COLOR_NAME = AccentColor;
				CODE_SIGN_STYLE = Automatic;
				CURRENT_PROJECT_VERSION = 1;
				DEVELOPMENT_ASSET_PATHS = "\"ChatGPT Clone/Preview Content\"";
				DEVELOPMENT_TEAM = LBMSRRR88A;
				ENABLE_PREVIEWS = YES;
				GENERATE_INFOPLIST_FILE = YES;
				INFOPLIST_KEY_UIApplicationSceneManifest_Generation = YES;
				INFOPLIST_KEY_UIApplicationSupportsIndirectInputEvents = YES;
				INFOPLIST_KEY_UILaunchScreen_Generation = YES;
				INFOPLIST_KEY_UISupportedInterfaceOrientations_iPad = "UIInterfaceOrientationPortrait UIInterfaceOrientationPortraitUpsideDown UIInterfaceOrientationLandscapeLeft UIInterfaceOrientationLandscapeRight";
				INFOPLIST_KEY_UISupportedInterfaceOrientations_iPhone = "UIInterfaceOrientationPortrait UIInterfaceOrientationLandscapeLeft UIInterfaceOrientationLandscapeRight";
				LD_RUNPATH_SEARCH_PATHS = (
					"$(inherited)",
					"@executable_path/Frameworks",
				);
				MARKETING_VERSION = 1.0;
				PRODUCT_BUNDLE_IDENTIFIER = "ostapartym.ChatGPT-Clone";
				PRODUCT_NAME = "$(TARGET_NAME)";
				SWIFT_EMIT_LOC_STRINGS = YES;
				SWIFT_VERSION = 5.0;
				TARGETED_DEVICE_FAMILY = "1,2";
			};
			name = Debug;
		};
		B51D6EAB2C7DCBD400D83986 /* Release */ = {
			isa = XCBuildConfiguration;
			buildSettings = {
				ASSETCATALOG_COMPILER_APPICON_NAME = AppIcon;
				ASSETCATALOG_COMPILER_GLOBAL_ACCENT_COLOR_NAME = AccentColor;
				CODE_SIGN_STYLE = Automatic;
				CURRENT_PROJECT_VERSION = 1;
				DEVELOPMENT_ASSET_PATHS = "\"ChatGPT Clone/Preview Content\"";
				DEVELOPMENT_TEAM = LBMSRRR88A;
				ENABLE_PREVIEWS = YES;
				GENERATE_INFOPLIST_FILE = YES;
				INFOPLIST_KEY_UIApplicationSceneManifest_Generation = YES;
				INFOPLIST_KEY_UIApplicationSupportsIndirectInputEvents = YES;
				INFOPLIST_KEY_UILaunchScreen_Generation = YES;
				INFOPLIST_KEY_UISupportedInterfaceOrientations_iPad = "UIInterfaceOrientationPortrait UIInterfaceOrientationPortraitUpsideDown UIInterfaceOrientationLandscapeLeft UIInterfaceOrientationLandscapeRight";
				INFOPLIST_KEY_UISupportedInterfaceOrientations_iPhone = "UIInterfaceOrientationPortrait UIInterfaceOrientationLandscapeLeft UIInterfaceOrientationLandscapeRight";
				LD_RUNPATH_SEARCH_PATHS = (
					"$(inherited)",
					"@executable_path/Frameworks",
				);
				MARKETING_VERSION = 1.0;
				PRODUCT_BUNDLE_IDENTIFIER = "ostapartym.ChatGPT-Clone";
				PRODUCT_NAME = "$(TARGET_NAME)";
				SWIFT_EMIT_LOC_STRINGS = YES;
				SWIFT_VERSION = 5.0;
				TARGETED_DEVICE_FAMILY = "1,2";
			};
			name = Release;
		};
/* End XCBuildConfiguration section */

/* Begin XCConfigurationList section */
		B51D6E912C7DCBD200D83986 /* Build configuration list for PBXProject "ChatGPT Clone" */ = {
			isa = XCConfigurationList;
			buildConfigurations = (
				B51D6EA72C7DCBD400D83986 /* Debug */,
				B51D6EA82C7DCBD400D83986 /* Release */,
			);
			defaultConfigurationIsVisible = 0;
			defaultConfigurationName = Release;
		};
		B51D6EA92C7DCBD400D83986 /* Build configuration list for PBXNativeTarget "ChatGPT Clone" */ = {
			isa = XCConfigurationList;
			buildConfigurations = (
				B51D6EAA2C7DCBD400D83986 /* Debug */,
				B51D6EAB2C7DCBD400D83986 /* Release */,
			);
			defaultConfigurationIsVisible = 0;
			defaultConfigurationName = Release;
		};
/* End XCConfigurationList section */

/* Begin XCRemoteSwiftPackageReference section */
		B5934DA92C7DF74B00A120F9 /* XCRemoteSwiftPackageReference "OpenAI" */ = {
			isa = XCRemoteSwiftPackageReference;
			repositoryURL = "https://github.com/MacPaw/OpenAI.git";
			requirement = {
				kind = exactVersion;
				version = 0.2.3;
			};
		};
/* End XCRemoteSwiftPackageReference section */

/* Begin XCSwiftPackageProductDependency section */
		B5934DAA2C7DF74B00A120F9 /* OpenAI */ = {
			isa = XCSwiftPackageProductDependency;
			package = B5934DA92C7DF74B00A120F9 /* XCRemoteSwiftPackageReference "OpenAI" */;
			productName = OpenAI;
		};
/* End XCSwiftPackageProductDependency section */

/* Begin XCVersionGroup section */
		B51D6EA42C7DCBD400D83986 /* ChatGPT_Clone.xcdatamodeld */ = {
			isa = XCVersionGroup;
			children = (
				B51D6EA52C7DCBD400D83986 /* ChatGPT_Clone.xcdatamodel */,
			);
			currentVersion = B51D6EA52C7DCBD400D83986 /* ChatGPT_Clone.xcdatamodel */;
			path = ChatGPT_Clone.xcdatamodeld;
			sourceTree = "<group>";
			versionGroupType = wrapper.xcdatamodel;
		};
/* End XCVersionGroup section */
	};
	rootObject = B51D6E8E2C7DCBD200D83986 /* Project object */;
}
